{
  "name": "infrastructure",
  "lockfileVersion": 3,
  "requires": true,
  "packages": {
    "": {
      "dependencies": {
        "geolib": "^3.3.4",
        "tinyqueue": "^3.0.0"
      },
      "devDependencies": {
        "@types/geolib": "^2.0.3"
      }
    },
    "node_modules/@types/geolib": {
      "version": "2.0.3",
      "resolved": "https://registry.npmjs.org/@types/geolib/-/geolib-2.0.3.tgz",
      "integrity": "sha512-y4ZFLXNiYfAhAxil8ODKE7R3xDc/sdgb5wpRPQefCBbtuO40fFpSdfeh3LNPfeM8qdkftNvhlgiYwe+lK6wp6g==",
      "dev": true,
      "license": "MIT"
    },
    "node_modules/geolib": {
      "version": "3.3.4",
      "resolved": "https://registry.npmjs.org/geolib/-/geolib-3.3.4.tgz",
      "integrity": "sha512-EicrlLLL3S42gE9/wde+11uiaYAaeSVDwCUIv2uMIoRBfNJCn8EsSI+6nS3r4TCKDO6+RQNM9ayLq2at+oZQWQ==",
      "license": "MIT"
    },
    "node_modules/tinyqueue": {
      "version": "3.0.0",
      "resolved": "https://registry.npmjs.org/tinyqueue/-/tinyqueue-3.0.0.tgz",
      "integrity": "sha512-gRa9gwYU3ECmQYv3lslts5hxuIa90veaEcxDYuu3QGOIAEM2mOZkVHp48ANJuu1CURtRdHKUBY5Lm1tHV+sD4g==",
      "license": "ISC"
    }
  }
}
